
Microsoft Visual Studio Solution File, Format Version 12.00
# Visual Studio Version 16
VisualStudioVersion = 16.0.30104.148
MinimumVisualStudioVersion = 10.0.40219.1
Project("{FAE04EC0-301F-11D3-BF4B-00C04F79EFBC}") = "Exerc10", "Exerc10\Exerc10.csproj", "{44A31A2C-C5FB-44F8-91AF-0543DD97961F}"
EndProject
Global
	GlobalSection(SolutionConfigurationPlatforms) = preSolution
		Debug|Any CPU = Debug|Any CPU
		Release|Any CPU = Release|Any CPU
	EndGlobalSection
	GlobalSection(ProjectConfigurationPlatforms) = postSolution
		{44A31A2C-C5FB-44F8-91AF-0543DD97961F}.Debug|Any CPU.ActiveCfg = Debug|Any CPU
		{44A31A2C-C5FB-44F8-91AF-0543DD97961F}.Debug|Any CPU.Build.0 = Debug|Any CPU
		{44A31A2C-C5FB-44F8-91AF-0543DD97961F}.Release|Any CPU.ActiveCfg = Release|Any CPU
		{44A31A2C-C5FB-44F8-91AF-0543DD97961F}.Release|Any CPU.Build.0 = Release|Any CPU
	EndGlobalSection
	GlobalSection(SolutionProperties) = preSolution
		HideSolutionNode = FALSE
	EndGlobalSection
	GlobalSection(ExtensibilityGlobals) = postSolution
		SolutionGuid = {CC6B12AE-572F-448F-969E-AA5528D3318D}
	EndGlobalSection
EndGlobal
