
Microsoft Visual Studio Solution File, Format Version 12.00
# Visual Studio Version 16
VisualStudioVersion = 16.0.30104.148
MinimumVisualStudioVersion = 10.0.40219.1
Project("{FAE04EC0-301F-11D3-BF4B-00C04F79EFBC}") = "Exerc12", "Exerc12\Exerc12.csproj", "{9AA01968-C99E-441C-BFFA-3FE9C78EADB1}"
EndProject
Global
	GlobalSection(SolutionConfigurationPlatforms) = preSolution
		Debug|Any CPU = Debug|Any CPU
		Release|Any CPU = Release|Any CPU
	EndGlobalSection
	GlobalSection(ProjectConfigurationPlatforms) = postSolution
		{9AA01968-C99E-441C-BFFA-3FE9C78EADB1}.Debug|Any CPU.ActiveCfg = Debug|Any CPU
		{9AA01968-C99E-441C-BFFA-3FE9C78EADB1}.Debug|Any CPU.Build.0 = Debug|Any CPU
		{9AA01968-C99E-441C-BFFA-3FE9C78EADB1}.Release|Any CPU.ActiveCfg = Release|Any CPU
		{9AA01968-C99E-441C-BFFA-3FE9C78EADB1}.Release|Any CPU.Build.0 = Release|Any CPU
	EndGlobalSection
	GlobalSection(SolutionProperties) = preSolution
		HideSolutionNode = FALSE
	EndGlobalSection
	GlobalSection(ExtensibilityGlobals) = postSolution
		SolutionGuid = {450765A1-37EE-468A-9D08-A06709F1C20E}
	EndGlobalSection
EndGlobal
