
Microsoft Visual Studio Solution File, Format Version 12.00
# Visual Studio Version 16
VisualStudioVersion = 16.0.30204.135
MinimumVisualStudioVersion = 10.0.40219.1
Project("{FAE04EC0-301F-11D3-BF4B-00C04F79EFBC}") = "Exerc14", "Exerc14\Exerc14.csproj", "{3EC010B9-3B4E-4159-B712-29FADD85345F}"
EndProject
Global
	GlobalSection(SolutionConfigurationPlatforms) = preSolution
		Debug|Any CPU = Debug|Any CPU
		Release|Any CPU = Release|Any CPU
	EndGlobalSection
	GlobalSection(ProjectConfigurationPlatforms) = postSolution
		{3EC010B9-3B4E-4159-B712-29FADD85345F}.Debug|Any CPU.ActiveCfg = Debug|Any CPU
		{3EC010B9-3B4E-4159-B712-29FADD85345F}.Debug|Any CPU.Build.0 = Debug|Any CPU
		{3EC010B9-3B4E-4159-B712-29FADD85345F}.Release|Any CPU.ActiveCfg = Release|Any CPU
		{3EC010B9-3B4E-4159-B712-29FADD85345F}.Release|Any CPU.Build.0 = Release|Any CPU
	EndGlobalSection
	GlobalSection(SolutionProperties) = preSolution
		HideSolutionNode = FALSE
	EndGlobalSection
	GlobalSection(ExtensibilityGlobals) = postSolution
		SolutionGuid = {3F317F07-EF50-414A-BF90-DE5F3587DC8E}
	EndGlobalSection
EndGlobal
