
Microsoft Visual Studio Solution File, Format Version 12.00
# Visual Studio Version 16
VisualStudioVersion = 16.0.30204.135
MinimumVisualStudioVersion = 10.0.40219.1
Project("{FAE04EC0-301F-11D3-BF4B-00C04F79EFBC}") = "Exerc16", "Exerc16\Exerc16.csproj", "{837A7F35-225E-43DA-B137-40A301638E57}"
EndProject
Global
	GlobalSection(SolutionConfigurationPlatforms) = preSolution
		Debug|Any CPU = Debug|Any CPU
		Release|Any CPU = Release|Any CPU
	EndGlobalSection
	GlobalSection(ProjectConfigurationPlatforms) = postSolution
		{837A7F35-225E-43DA-B137-40A301638E57}.Debug|Any CPU.ActiveCfg = Debug|Any CPU
		{837A7F35-225E-43DA-B137-40A301638E57}.Debug|Any CPU.Build.0 = Debug|Any CPU
		{837A7F35-225E-43DA-B137-40A301638E57}.Release|Any CPU.ActiveCfg = Release|Any CPU
		{837A7F35-225E-43DA-B137-40A301638E57}.Release|Any CPU.Build.0 = Release|Any CPU
	EndGlobalSection
	GlobalSection(SolutionProperties) = preSolution
		HideSolutionNode = FALSE
	EndGlobalSection
	GlobalSection(ExtensibilityGlobals) = postSolution
		SolutionGuid = {905B00C4-A0F6-469F-A4CC-BA742C7AA224}
	EndGlobalSection
EndGlobal
