
Microsoft Visual Studio Solution File, Format Version 12.00
# Visual Studio Version 16
VisualStudioVersion = 16.0.30104.148
MinimumVisualStudioVersion = 10.0.40219.1
Project("{FAE04EC0-301F-11D3-BF4B-00C04F79EFBC}") = "MemEst", "MemEst\MemEst.csproj", "{3AE35B8A-F7F6-44F0-A534-1A70C484D1D8}"
EndProject
Global
	GlobalSection(SolutionConfigurationPlatforms) = preSolution
		Debug|Any CPU = Debug|Any CPU
		Release|Any CPU = Release|Any CPU
	EndGlobalSection
	GlobalSection(ProjectConfigurationPlatforms) = postSolution
		{3AE35B8A-F7F6-44F0-A534-1A70C484D1D8}.Debug|Any CPU.ActiveCfg = Debug|Any CPU
		{3AE35B8A-F7F6-44F0-A534-1A70C484D1D8}.Debug|Any CPU.Build.0 = Debug|Any CPU
		{3AE35B8A-F7F6-44F0-A534-1A70C484D1D8}.Release|Any CPU.ActiveCfg = Release|Any CPU
		{3AE35B8A-F7F6-44F0-A534-1A70C484D1D8}.Release|Any CPU.Build.0 = Release|Any CPU
	EndGlobalSection
	GlobalSection(SolutionProperties) = preSolution
		HideSolutionNode = FALSE
	EndGlobalSection
	GlobalSection(ExtensibilityGlobals) = postSolution
		SolutionGuid = {0355D77F-EE2A-47C5-9C5C-8C4F5E886152}
	EndGlobalSection
EndGlobal
