
Microsoft Visual Studio Solution File, Format Version 12.00
# Visual Studio Version 16
VisualStudioVersion = 16.0.30104.148
MinimumVisualStudioVersion = 10.0.40219.1
Project("{FAE04EC0-301F-11D3-BF4B-00C04F79EFBC}") = "Foreach", "Foreach\Foreach.csproj", "{16153A23-9B6D-4643-B847-FB5723945854}"
EndProject
Global
	GlobalSection(SolutionConfigurationPlatforms) = preSolution
		Debug|Any CPU = Debug|Any CPU
		Release|Any CPU = Release|Any CPU
	EndGlobalSection
	GlobalSection(ProjectConfigurationPlatforms) = postSolution
		{16153A23-9B6D-4643-B847-FB5723945854}.Debug|Any CPU.ActiveCfg = Debug|Any CPU
		{16153A23-9B6D-4643-B847-FB5723945854}.Debug|Any CPU.Build.0 = Debug|Any CPU
		{16153A23-9B6D-4643-B847-FB5723945854}.Release|Any CPU.ActiveCfg = Release|Any CPU
		{16153A23-9B6D-4643-B847-FB5723945854}.Release|Any CPU.Build.0 = Release|Any CPU
	EndGlobalSection
	GlobalSection(SolutionProperties) = preSolution
		HideSolutionNode = FALSE
	EndGlobalSection
	GlobalSection(ExtensibilityGlobals) = postSolution
		SolutionGuid = {3C8EEE5B-0ADA-47F9-8FA5-37536D99D55B}
	EndGlobalSection
EndGlobal
