
Microsoft Visual Studio Solution File, Format Version 12.00
# Visual Studio Version 16
VisualStudioVersion = 16.0.30320.27
MinimumVisualStudioVersion = 10.0.40219.1
Project("{FAE04EC0-301F-11D3-BF4B-00C04F79EFBC}") = "Directory_DirectoryInfo", "Directory_DirectoryInfo\Directory_DirectoryInfo.csproj", "{D1A7D58B-0D8A-4BB8-B44D-AC55F4B48C03}"
EndProject
Global
	GlobalSection(SolutionConfigurationPlatforms) = preSolution
		Debug|Any CPU = Debug|Any CPU
		Release|Any CPU = Release|Any CPU
	EndGlobalSection
	GlobalSection(ProjectConfigurationPlatforms) = postSolution
		{D1A7D58B-0D8A-4BB8-B44D-AC55F4B48C03}.Debug|Any CPU.ActiveCfg = Debug|Any CPU
		{D1A7D58B-0D8A-4BB8-B44D-AC55F4B48C03}.Debug|Any CPU.Build.0 = Debug|Any CPU
		{D1A7D58B-0D8A-4BB8-B44D-AC55F4B48C03}.Release|Any CPU.ActiveCfg = Release|Any CPU
		{D1A7D58B-0D8A-4BB8-B44D-AC55F4B48C03}.Release|Any CPU.Build.0 = Release|Any CPU
	EndGlobalSection
	GlobalSection(SolutionProperties) = preSolution
		HideSolutionNode = FALSE
	EndGlobalSection
	GlobalSection(ExtensibilityGlobals) = postSolution
		SolutionGuid = {09FF91BA-D1B8-493C-A009-87A76B8B9E6C}
	EndGlobalSection
EndGlobal
