
Microsoft Visual Studio Solution File, Format Version 12.00
# Visual Studio Version 16
VisualStudioVersion = 16.0.30320.27
MinimumVisualStudioVersion = 10.0.40219.1
Project("{FAE04EC0-301F-11D3-BF4B-00C04F79EFBC}") = "Dictionary_SortedDictionary", "Dictionary_SortedDictionary\Dictionary_SortedDictionary.csproj", "{6A301896-4166-4C56-83A4-2D63BA5ED3F1}"
EndProject
Global
	GlobalSection(SolutionConfigurationPlatforms) = preSolution
		Debug|Any CPU = Debug|Any CPU
		Release|Any CPU = Release|Any CPU
	EndGlobalSection
	GlobalSection(ProjectConfigurationPlatforms) = postSolution
		{6A301896-4166-4C56-83A4-2D63BA5ED3F1}.Debug|Any CPU.ActiveCfg = Debug|Any CPU
		{6A301896-4166-4C56-83A4-2D63BA5ED3F1}.Debug|Any CPU.Build.0 = Debug|Any CPU
		{6A301896-4166-4C56-83A4-2D63BA5ED3F1}.Release|Any CPU.ActiveCfg = Release|Any CPU
		{6A301896-4166-4C56-83A4-2D63BA5ED3F1}.Release|Any CPU.Build.0 = Release|Any CPU
	EndGlobalSection
	GlobalSection(SolutionProperties) = preSolution
		HideSolutionNode = FALSE
	EndGlobalSection
	GlobalSection(ExtensibilityGlobals) = postSolution
		SolutionGuid = {95984C43-A498-410A-B55A-2926272308C6}
	EndGlobalSection
EndGlobal
